// !$*UTF8*$!
{
	archiveVersion = 1;
	classes = {
	};
	objectVersion = 56;
	objects = {

/* Begin PBXBuildFile section */
		727137992C824E01007A6EF7 /* PoliticianModel.swift in Sources */ = {isa = PBXBuildFile; fileRef = 727137982C824E01007A6EF7 /* PoliticianModel.swift */; };
		7271379B2C824E88007A6EF7 /* PoliticianViewModel.swift in Sources */ = {isa = PBXBuildFile; fileRef = 7271379A2C824E88007A6EF7 /* PoliticianViewModel.swift */; };
		72ADE2EC2C824D5B00F69370 /* BundestagLiveApp.swift in Sources */ = {isa = PBXBuildFile; fileRef = 72ADE2EB2C824D5B00F69370 /* BundestagLiveApp.swift */; };
		72ADE2F02C824D5E00F69370 /* Assets.xcassets in Resources */ = {isa = PBXBuildFile; fileRef = 72ADE2EF2C824D5E00F69370 /* Assets.xcassets */; };
		72ADE2F32C824D5E00F69370 /* Preview Assets.xcassets in Resources */ = {isa = PBXBuildFile; fileRef = 72ADE2F22C824D5E00F69370 /* Preview Assets.xcassets */; };
		72C457532C825500006E1234 /* PoliticianView.swift in Sources */ = {isa = PBXBuildFile; fileRef = 72C457522C825500006E1234 /* PoliticianView.swift */; };
		72C457562C82610F006E1234 /* SearchView.swift in Sources */ = {isa = PBXBuildFile; fileRef = 72C457552C82610F006E1234 /* SearchView.swift */; };
		72C457582C82611E006E1234 /* PoliticiansViewModel.swift in Sources */ = {isa = PBXBuildFile; fileRef = 72C457572C82611E006E1234 /* PoliticiansViewModel.swift */; };
		72C4575A2C826136006E1234 /* PoliticiansModel.swift in Sources */ = {isa = PBXBuildFile; fileRef = 72C457592C826136006E1234 /* PoliticiansModel.swift */; };
		72C4575D2C826FC1006E1234 /* PollsView.swift in Sources */ = {isa = PBXBuildFile; fileRef = 72C4575C2C826FC0006E1234 /* PollsView.swift */; };
		72CF331C2C83013A002D7BCD /* PartyModel.swift in Sources */ = {isa = PBXBuildFile; fileRef = 72CF331B2C83013A002D7BCD /* PartyModel.swift */; };
		72CF331E2C83014A002D7BCD /* PartyViewModel.swift in Sources */ = {isa = PBXBuildFile; fileRef = 72CF331D2C83014A002D7BCD /* PartyViewModel.swift */; };
		72CF33222C830377002D7BCD /* PartysViewModel.swift in Sources */ = {isa = PBXBuildFile; fileRef = 72CF33212C830377002D7BCD /* PartysViewModel.swift */; };
		72CF33242C8303B0002D7BCD /* PartysModel.swift in Sources */ = {isa = PBXBuildFile; fileRef = 72CF33232C8303B0002D7BCD /* PartysModel.swift */; };
		72CF33292C8307FF002D7BCD /* PartyView.swift in Sources */ = {isa = PBXBuildFile; fileRef = 72CF33282C8307FF002D7BCD /* PartyView.swift */; };
		72CF332B2C830812002D7BCD /* FractionView.swift in Sources */ = {isa = PBXBuildFile; fileRef = 72CF332A2C830812002D7BCD /* FractionView.swift */; };
		72CF332D2C830822002D7BCD /* HomeView.swift in Sources */ = {isa = PBXBuildFile; fileRef = 72CF332C2C830822002D7BCD /* HomeView.swift */; };
		72CF33302C83084D002D7BCD /* MoreView.swift in Sources */ = {isa = PBXBuildFile; fileRef = 72CF332F2C83084D002D7BCD /* MoreView.swift */; };
		72CF33332C830882002D7BCD /* ElectionProgrammView.swift in Sources */ = {isa = PBXBuildFile; fileRef = 72CF33322C830882002D7BCD /* ElectionProgrammView.swift */; };
		72CF33352C830895002D7BCD /* NextElectionView.swift in Sources */ = {isa = PBXBuildFile; fileRef = 72CF33342C830895002D7BCD /* NextElectionView.swift */; };
/* End PBXBuildFile section */

/* Begin PBXFileReference section */
		727137982C824E01007A6EF7 /* PoliticianModel.swift */ = {isa = PBXFileReference; lastKnownFileType = sourcecode.swift; path = PoliticianModel.swift; sourceTree = "<group>"; };
		7271379A2C824E88007A6EF7 /* PoliticianViewModel.swift */ = {isa = PBXFileReference; lastKnownFileType = sourcecode.swift; path = PoliticianViewModel.swift; sourceTree = "<group>"; };
		72ADE2E82C824D5B00F69370 /* BundestagLive.app */ = {isa = PBXFileReference; explicitFileType = wrapper.application; includeInIndex = 0; path = BundestagLive.app; sourceTree = BUILT_PRODUCTS_DIR; };
		72ADE2EB2C824D5B00F69370 /* BundestagLiveApp.swift */ = {isa = PBXFileReference; lastKnownFileType = sourcecode.swift; path = BundestagLiveApp.swift; sourceTree = "<group>"; };
		72ADE2EF2C824D5E00F69370 /* Assets.xcassets */ = {isa = PBXFileReference; lastKnownFileType = folder.assetcatalog; path = Assets.xcassets; sourceTree = "<group>"; };
		72ADE2F22C824D5E00F69370 /* Preview Assets.xcassets */ = {isa = PBXFileReference; lastKnownFileType = folder.assetcatalog; path = "Preview Assets.xcassets"; sourceTree = "<group>"; };
		72C457522C825500006E1234 /* PoliticianView.swift */ = {isa = PBXFileReference; lastKnownFileType = sourcecode.swift; path = PoliticianView.swift; sourceTree = "<group>"; };
		72C457552C82610F006E1234 /* SearchView.swift */ = {isa = PBXFileReference; lastKnownFileType = sourcecode.swift; path = SearchView.swift; sourceTree = "<group>"; };
		72C457572C82611E006E1234 /* PoliticiansViewModel.swift */ = {isa = PBXFileReference; lastKnownFileType = sourcecode.swift; path = PoliticiansViewModel.swift; sourceTree = "<group>"; };
		72C457592C826136006E1234 /* PoliticiansModel.swift */ = {isa = PBXFileReference; lastKnownFileType = sourcecode.swift; path = PoliticiansModel.swift; sourceTree = "<group>"; };
		72C4575C2C826FC0006E1234 /* PollsView.swift */ = {isa = PBXFileReference; lastKnownFileType = sourcecode.swift; path = PollsView.swift; sourceTree = "<group>"; };
		72CF331B2C83013A002D7BCD /* PartyModel.swift */ = {isa = PBXFileReference; lastKnownFileType = sourcecode.swift; path = PartyModel.swift; sourceTree = "<group>"; };
		72CF331D2C83014A002D7BCD /* PartyViewModel.swift */ = {isa = PBXFileReference; lastKnownFileType = sourcecode.swift; path = PartyViewModel.swift; sourceTree = "<group>"; };
		72CF33212C830377002D7BCD /* PartysViewModel.swift */ = {isa = PBXFileReference; lastKnownFileType = sourcecode.swift; path = PartysViewModel.swift; sourceTree = "<group>"; };
		72CF33232C8303B0002D7BCD /* PartysModel.swift */ = {isa = PBXFileReference; lastKnownFileType = sourcecode.swift; path = PartysModel.swift; sourceTree = "<group>"; };
		72CF33282C8307FF002D7BCD /* PartyView.swift */ = {isa = PBXFileReference; lastKnownFileType = sourcecode.swift; path = PartyView.swift; sourceTree = "<group>"; };
		72CF332A2C830812002D7BCD /* FractionView.swift */ = {isa = PBXFileReference; lastKnownFileType = sourcecode.swift; path = FractionView.swift; sourceTree = "<group>"; };
		72CF332C2C830822002D7BCD /* HomeView.swift */ = {isa = PBXFileReference; lastKnownFileType = sourcecode.swift; path = HomeView.swift; sourceTree = "<group>"; };
		72CF332F2C83084D002D7BCD /* MoreView.swift */ = {isa = PBXFileReference; lastKnownFileType = sourcecode.swift; path = MoreView.swift; sourceTree = "<group>"; };
		72CF33322C830882002D7BCD /* ElectionProgrammView.swift */ = {isa = PBXFileReference; lastKnownFileType = sourcecode.swift; path = ElectionProgrammView.swift; sourceTree = "<group>"; };
		72CF33342C830895002D7BCD /* NextElectionView.swift */ = {isa = PBXFileReference; lastKnownFileType = sourcecode.swift; path = NextElectionView.swift; sourceTree = "<group>"; };
/* End PBXFileReference section */

/* Begin PBXFrameworksBuildPhase section */
		72ADE2E52C824D5B00F69370 /* Frameworks */ = {
			isa = PBXFrameworksBuildPhase;
			buildActionMask = 2147483647;
			files = (
			);
			runOnlyForDeploymentPostprocessing = 0;
		};
/* End PBXFrameworksBuildPhase section */

/* Begin PBXGroup section */
		72ADE2DF2C824D5B00F69370 = {
			isa = PBXGroup;
			children = (
				72ADE2EA2C824D5B00F69370 /* BundestagLive */,
				72ADE2E92C824D5B00F69370 /* Products */,
			);
			sourceTree = "<group>";
		};
		72ADE2E92C824D5B00F69370 /* Products */ = {
			isa = PBXGroup;
			children = (
				72ADE2E82C824D5B00F69370 /* BundestagLive.app */,
			);
			name = Products;
			sourceTree = "<group>";
		};
		72ADE2EA2C824D5B00F69370 /* BundestagLive */ = {
			isa = PBXGroup;
			children = (
				72ADE2EB2C824D5B00F69370 /* BundestagLiveApp.swift */,
				72C4575B2C826FA6006E1234 /* Core */,
				72C4575E2C826FDF006E1234 /* ViewModels */,
				72ADE2FA2C824D8700F69370 /* Models */,
				72ADE2EF2C824D5E00F69370 /* Assets.xcassets */,
				72ADE2F12C824D5E00F69370 /* Preview Content */,
			);
			path = BundestagLive;
			sourceTree = "<group>";
		};
		72ADE2F12C824D5E00F69370 /* Preview Content */ = {
			isa = PBXGroup;
			children = (
				72ADE2F22C824D5E00F69370 /* Preview Assets.xcassets */,
			);
			path = "Preview Content";
			sourceTree = "<group>";
		};
		72ADE2F92C824D6F00F69370 /* Politician */ = {
			isa = PBXGroup;
			children = (
				7271379A2C824E88007A6EF7 /* PoliticianViewModel.swift */,
			);
			name = Politician;
			sourceTree = "<group>";
		};
		72ADE2FA2C824D8700F69370 /* Models */ = {
			isa = PBXGroup;
			children = (
				727137982C824E01007A6EF7 /* PoliticianModel.swift */,
				72C457592C826136006E1234 /* PoliticiansModel.swift */,
				72CF331B2C83013A002D7BCD /* PartyModel.swift */,
				72CF33232C8303B0002D7BCD /* PartysModel.swift */,
			);
			name = Models;
			sourceTree = "<group>";
		};
		72C457542C8260FA006E1234 /* Politicians */ = {
			isa = PBXGroup;
			children = (
				72C457572C82611E006E1234 /* PoliticiansViewModel.swift */,
			);
			name = Politicians;
			sourceTree = "<group>";
		};
		72C4575B2C826FA6006E1234 /* Core */ = {
			isa = PBXGroup;
			children = (
				72CF33262C830517002D7BCD /* Home */,
				72CF33252C83050E002D7BCD /* Search */,
				72CF33272C83052B002D7BCD /* Polls */,
				72CF332E2C830833002D7BCD /* More */,
			);
			name = Core;
			sourceTree = "<group>";
		};
		72C4575E2C826FDF006E1234 /* ViewModels */ = {
			isa = PBXGroup;
			children = (
				72ADE2F92C824D6F00F69370 /* Politician */,
				72C457542C8260FA006E1234 /* Politicians */,
				72CF331F2C830153002D7BCD /* Party */,
				72CF33202C830366002D7BCD /* Partys */,
			);
			name = ViewModels;
			sourceTree = "<group>";
		};
		72CF331F2C830153002D7BCD /* Party */ = {
			isa = PBXGroup;
			children = (
				72CF331D2C83014A002D7BCD /* PartyViewModel.swift */,
			);
			name = Party;
			sourceTree = "<group>";
		};
		72CF33202C830366002D7BCD /* Partys */ = {
			isa = PBXGroup;
			children = (
				72CF33212C830377002D7BCD /* PartysViewModel.swift */,
			);
			name = Partys;
			sourceTree = "<group>";
		};
		72CF33252C83050E002D7BCD /* Search */ = {
			isa = PBXGroup;
			children = (
				72C457552C82610F006E1234 /* SearchView.swift */,
				72C457522C825500006E1234 /* PoliticianView.swift */,
				72CF33282C8307FF002D7BCD /* PartyView.swift */,
				72CF332A2C830812002D7BCD /* FractionView.swift */,
			);
			name = Search;
			sourceTree = "<group>";
		};
		72CF33262C830517002D7BCD /* Home */ = {
			isa = PBXGroup;
			children = (
				72CF332C2C830822002D7BCD /* HomeView.swift */,
			);
			name = Home;
			sourceTree = "<group>";
		};
		72CF33272C83052B002D7BCD /* Polls */ = {
			isa = PBXGroup;
			children = (
				72C4575C2C826FC0006E1234 /* PollsView.swift */,
			);
			name = Polls;
			sourceTree = "<group>";
		};
		72CF332E2C830833002D7BCD /* More */ = {
			isa = PBXGroup;
			children = (
				72CF33312C83085F002D7BCD /* MoreSubViews */,
				72CF332F2C83084D002D7BCD /* MoreView.swift */,
			);
			name = More;
			sourceTree = "<group>";
		};
		72CF33312C83085F002D7BCD /* MoreSubViews */ = {
			isa = PBXGroup;
			children = (
				72CF33322C830882002D7BCD /* ElectionProgrammView.swift */,
				72CF33342C830895002D7BCD /* NextElectionView.swift */,
			);
			name = MoreSubViews;
			sourceTree = "<group>";
		};
/* End PBXGroup section */

/* Begin PBXNativeTarget section */
		72ADE2E72C824D5B00F69370 /* BundestagLive */ = {
			isa = PBXNativeTarget;
			buildConfigurationList = 72ADE2F62C824D5E00F69370 /* Build configuration list for PBXNativeTarget "BundestagLive" */;
			buildPhases = (
				72ADE2E42C824D5B00F69370 /* Sources */,
				72ADE2E52C824D5B00F69370 /* Frameworks */,
				72ADE2E62C824D5B00F69370 /* Resources */,
			);
			buildRules = (
			);
			dependencies = (
			);
			name = BundestagLive;
			productName = BundestagLive;
			productReference = 72ADE2E82C824D5B00F69370 /* BundestagLive.app */;
			productType = "com.apple.product-type.application";
		};
/* End PBXNativeTarget section */

/* Begin PBXProject section */
		72ADE2E02C824D5B00F69370 /* Project object */ = {
			isa = PBXProject;
			attributes = {
				BuildIndependentTargetsInParallel = 1;
				LastSwiftUpdateCheck = 1540;
				LastUpgradeCheck = 1540;
				TargetAttributes = {
					72ADE2E72C824D5B00F69370 = {
						CreatedOnToolsVersion = 15.4;
					};
				};
			};
			buildConfigurationList = 72ADE2E32C824D5B00F69370 /* Build configuration list for PBXProject "BundestagLive" */;
			compatibilityVersion = "Xcode 14.0";
			developmentRegion = en;
			hasScannedForEncodings = 0;
			knownRegions = (
				en,
				Base,
			);
			mainGroup = 72ADE2DF2C824D5B00F69370;
			productRefGroup = 72ADE2E92C824D5B00F69370 /* Products */;
			projectDirPath = "";
			projectRoot = "";
			targets = (
				72ADE2E72C824D5B00F69370 /* BundestagLive */,
			);
		};
/* End PBXProject section */

/* Begin PBXResourcesBuildPhase section */
		72ADE2E62C824D5B00F69370 /* Resources */ = {
			isa = PBXResourcesBuildPhase;
			buildActionMask = 2147483647;
			files = (
				72ADE2F32C824D5E00F69370 /* Preview Assets.xcassets in Resources */,
				72ADE2F02C824D5E00F69370 /* Assets.xcassets in Resources */,
			);
			runOnlyForDeploymentPostprocessing = 0;
		};
/* End PBXResourcesBuildPhase section */

/* Begin PBXSourcesBuildPhase section */
		72ADE2E42C824D5B00F69370 /* Sources */ = {
			isa = PBXSourcesBuildPhase;
			buildActionMask = 2147483647;
			files = (
				72CF33352C830895002D7BCD /* NextElectionView.swift in Sources */,
				72CF33242C8303B0002D7BCD /* PartysModel.swift in Sources */,
				7271379B2C824E88007A6EF7 /* PoliticianViewModel.swift in Sources */,
				72CF331E2C83014A002D7BCD /* PartyViewModel.swift in Sources */,
				72CF332D2C830822002D7BCD /* HomeView.swift in Sources */,
				72CF33222C830377002D7BCD /* PartysViewModel.swift in Sources */,
				72C457532C825500006E1234 /* PoliticianView.swift in Sources */,
				72CF331C2C83013A002D7BCD /* PartyModel.swift in Sources */,
				72CF33302C83084D002D7BCD /* MoreView.swift in Sources */,
				72C457562C82610F006E1234 /* SearchView.swift in Sources */,
				727137992C824E01007A6EF7 /* PoliticianModel.swift in Sources */,
				72CF33292C8307FF002D7BCD /* PartyView.swift in Sources */,
				72CF33332C830882002D7BCD /* ElectionProgrammView.swift in Sources */,
				72C457582C82611E006E1234 /* PoliticiansViewModel.swift in Sources */,
				72CF332B2C830812002D7BCD /* FractionView.swift in Sources */,
				72C4575A2C826136006E1234 /* PoliticiansModel.swift in Sources */,
				72ADE2EC2C824D5B00F69370 /* BundestagLiveApp.swift in Sources */,
				72C4575D2C826FC1006E1234 /* PollsView.swift in Sources */,
			);
			runOnlyForDeploymentPostprocessing = 0;
		};
/* End PBXSourcesBuildPhase section */

/* Begin XCBuildConfiguration section */
		72ADE2F42C824D5E00F69370 /* Debug */ = {
			isa = XCBuildConfiguration;
			buildSettings = {
				ALWAYS_SEARCH_USER_PATHS = NO;
				ASSETCATALOG_COMPILER_GENERATE_SWIFT_ASSET_SYMBOL_EXTENSIONS = YES;
				CLANG_ANALYZER_NONNULL = YES;
				CLANG_ANALYZER_NUMBER_OBJECT_CONVERSION = YES_AGGRESSIVE;
				CLANG_CXX_LANGUAGE_STANDARD = "gnu++20";
				CLANG_ENABLE_MODULES = YES;
				CLANG_ENABLE_OBJC_ARC = YES;
				CLANG_ENABLE_OBJC_WEAK = YES;
				CLANG_WARN_BLOCK_CAPTURE_AUTORELEASING = YES;
				CLANG_WARN_BOOL_CONVERSION = YES;
				CLANG_WARN_COMMA = YES;
				CLANG_WARN_CONSTANT_CONVERSION = YES;
				CLANG_WARN_DEPRECATED_OBJC_IMPLEMENTATIONS = YES;
				CLANG_WARN_DIRECT_OBJC_ISA_USAGE = YES_ERROR;
				CLANG_WARN_DOCUMENTATION_COMMENTS = YES;
				CLANG_WARN_EMPTY_BODY = YES;
				CLANG_WARN_ENUM_CONVERSION = YES;
				CLANG_WARN_INFINITE_RECURSION = YES;
				CLANG_WARN_INT_CONVERSION = YES;
				CLANG_WARN_NON_LITERAL_NULL_CONVERSION = YES;
				CLANG_WARN_OBJC_IMPLICIT_RETAIN_SELF = YES;
				CLANG_WARN_OBJC_LITERAL_CONVERSION = YES;
				CLANG_WARN_OBJC_ROOT_CLASS = YES_ERROR;
				CLANG_WARN_QUOTED_INCLUDE_IN_FRAMEWORK_HEADER = YES;
				CLANG_WARN_RANGE_LOOP_ANALYSIS = YES;
				CLANG_WARN_STRICT_PROTOTYPES = YES;
				CLANG_WARN_SUSPICIOUS_MOVE = YES;
				CLANG_WARN_UNGUARDED_AVAILABILITY = YES_AGGRESSIVE;
				CLANG_WARN_UNREACHABLE_CODE = YES;
				CLANG_WARN__DUPLICATE_METHOD_MATCH = YES;
				COPY_PHASE_STRIP = NO;
				DEBUG_INFORMATION_FORMAT = dwarf;
				ENABLE_STRICT_OBJC_MSGSEND = YES;
				ENABLE_TESTABILITY = YES;
				ENABLE_USER_SCRIPT_SANDBOXING = YES;
				GCC_C_LANGUAGE_STANDARD = gnu17;
				GCC_DYNAMIC_NO_PIC = NO;
				GCC_NO_COMMON_BLOCKS = YES;
				GCC_OPTIMIZATION_LEVEL = 0;
				GCC_PREPROCESSOR_DEFINITIONS = (
					"DEBUG=1",
					"$(inherited)",
				);
				GCC_WARN_64_TO_32_BIT_CONVERSION = YES;
				GCC_WARN_ABOUT_RETURN_TYPE = YES_ERROR;
				GCC_WARN_UNDECLARED_SELECTOR = YES;
				GCC_WARN_UNINITIALIZED_AUTOS = YES_AGGRESSIVE;
				GCC_WARN_UNUSED_FUNCTION = YES;
				GCC_WARN_UNUSED_VARIABLE = YES;
				IPHONEOS_DEPLOYMENT_TARGET = 17.5;
				LOCALIZATION_PREFERS_STRING_CATALOGS = YES;
				MTL_ENABLE_DEBUG_INFO = INCLUDE_SOURCE;
				MTL_FAST_MATH = YES;
				ONLY_ACTIVE_ARCH = YES;
				SDKROOT = iphoneos;
				SWIFT_ACTIVE_COMPILATION_CONDITIONS = "DEBUG $(inherited)";
				SWIFT_OPTIMIZATION_LEVEL = "-Onone";
			};
			name = Debug;
		};
		72ADE2F52C824D5E00F69370 /* Release */ = {
			isa = XCBuildConfiguration;
			buildSettings = {
				ALWAYS_SEARCH_USER_PATHS = NO;
				ASSETCATALOG_COMPILER_GENERATE_SWIFT_ASSET_SYMBOL_EXTENSIONS = YES;
				CLANG_ANALYZER_NONNULL = YES;
				CLANG_ANALYZER_NUMBER_OBJECT_CONVERSION = YES_AGGRESSIVE;
				CLANG_CXX_LANGUAGE_STANDARD = "gnu++20";
				CLANG_ENABLE_MODULES = YES;
				CLANG_ENABLE_OBJC_ARC = YES;
				CLANG_ENABLE_OBJC_WEAK = YES;
				CLANG_WARN_BLOCK_CAPTURE_AUTORELEASING = YES;
				CLANG_WARN_BOOL_CONVERSION = YES;
				CLANG_WARN_COMMA = YES;
				CLANG_WARN_CONSTANT_CONVERSION = YES;
				CLANG_WARN_DEPRECATED_OBJC_IMPLEMENTATIONS = YES;
				CLANG_WARN_DIRECT_OBJC_ISA_USAGE = YES_ERROR;
				CLANG_WARN_DOCUMENTATION_COMMENTS = YES;
				CLANG_WARN_EMPTY_BODY = YES;
				CLANG_WARN_ENUM_CONVERSION = YES;
				CLANG_WARN_INFINITE_RECURSION = YES;
				CLANG_WARN_INT_CONVERSION = YES;
				CLANG_WARN_NON_LITERAL_NULL_CONVERSION = YES;
				CLANG_WARN_OBJC_IMPLICIT_RETAIN_SELF = YES;
				CLANG_WARN_OBJC_LITERAL_CONVERSION = YES;
				CLANG_WARN_OBJC_ROOT_CLASS = YES_ERROR;
				CLANG_WARN_QUOTED_INCLUDE_IN_FRAMEWORK_HEADER = YES;
				CLANG_WARN_RANGE_LOOP_ANALYSIS = YES;
				CLANG_WARN_STRICT_PROTOTYPES = YES;
				CLANG_WARN_SUSPICIOUS_MOVE = YES;
				CLANG_WARN_UNGUARDED_AVAILABILITY = YES_AGGRESSIVE;
				CLANG_WARN_UNREACHABLE_CODE = YES;
				CLANG_WARN__DUPLICATE_METHOD_MATCH = YES;
				COPY_PHASE_STRIP = NO;
				DEBUG_INFORMATION_FORMAT = "dwarf-with-dsym";
				ENABLE_NS_ASSERTIONS = NO;
				ENABLE_STRICT_OBJC_MSGSEND = YES;
				ENABLE_USER_SCRIPT_SANDBOXING = YES;
				GCC_C_LANGUAGE_STANDARD = gnu17;
				GCC_NO_COMMON_BLOCKS = YES;
				GCC_WARN_64_TO_32_BIT_CONVERSION = YES;
				GCC_WARN_ABOUT_RETURN_TYPE = YES_ERROR;
				GCC_WARN_UNDECLARED_SELECTOR = YES;
				GCC_WARN_UNINITIALIZED_AUTOS = YES_AGGRESSIVE;
				GCC_WARN_UNUSED_FUNCTION = YES;
				GCC_WARN_UNUSED_VARIABLE = YES;
				IPHONEOS_DEPLOYMENT_TARGET = 17.5;
				LOCALIZATION_PREFERS_STRING_CATALOGS = YES;
				MTL_ENABLE_DEBUG_INFO = NO;
				MTL_FAST_MATH = YES;
				SDKROOT = iphoneos;
				SWIFT_COMPILATION_MODE = wholemodule;
				VALIDATE_PRODUCT = YES;
			};
			name = Release;
		};
		72ADE2F72C824D5E00F69370 /* Debug */ = {
			isa = XCBuildConfiguration;
			buildSettings = {
				ASSETCATALOG_COMPILER_APPICON_NAME = AppIcon;
				ASSETCATALOG_COMPILER_GLOBAL_ACCENT_COLOR_NAME = AccentColor;
				CODE_SIGN_STYLE = Automatic;
				CURRENT_PROJECT_VERSION = 1;
				DEVELOPMENT_ASSET_PATHS = "\"BundestagLive/Preview Content\"";
				DEVELOPMENT_TEAM = DCLZM878SK;
				ENABLE_PREVIEWS = YES;
				GENERATE_INFOPLIST_FILE = YES;
				INFOPLIST_KEY_UIApplicationSceneManifest_Generation = YES;
				INFOPLIST_KEY_UIApplicationSupportsIndirectInputEvents = YES;
				INFOPLIST_KEY_UILaunchScreen_Generation = YES;
				INFOPLIST_KEY_UISupportedInterfaceOrientations_iPad = "UIInterfaceOrientationPortrait UIInterfaceOrientationPortraitUpsideDown UIInterfaceOrientationLandscapeLeft UIInterfaceOrientationLandscapeRight";
				INFOPLIST_KEY_UISupportedInterfaceOrientations_iPhone = "UIInterfaceOrientationPortrait UIInterfaceOrientationLandscapeLeft UIInterfaceOrientationLandscapeRight";
				LD_RUNPATH_SEARCH_PATHS = (
					"$(inherited)",
					"@executable_path/Frameworks",
				);
				MARKETING_VERSION = 1.0;
				PRODUCT_BUNDLE_IDENTIFIER = de.wangupullwitt.BundestagLive;
				PRODUCT_NAME = "$(TARGET_NAME)";
				SWIFT_EMIT_LOC_STRINGS = YES;
				SWIFT_VERSION = 5.0;
				TARGETED_DEVICE_FAMILY = "1,2";
			};
			name = Debug;
		};
		72ADE2F82C824D5E00F69370 /* Release */ = {
			isa = XCBuildConfiguration;
			buildSettings = {
				ASSETCATALOG_COMPILER_APPICON_NAME = AppIcon;
				ASSETCATALOG_COMPILER_GLOBAL_ACCENT_COLOR_NAME = AccentColor;
				CODE_SIGN_STYLE = Automatic;
				CURRENT_PROJECT_VERSION = 1;
				DEVELOPMENT_ASSET_PATHS = "\"BundestagLive/Preview Content\"";
				DEVELOPMENT_TEAM = DCLZM878SK;
				ENABLE_PREVIEWS = YES;
				GENERATE_INFOPLIST_FILE = YES;
				INFOPLIST_KEY_UIApplicationSceneManifest_Generation = YES;
				INFOPLIST_KEY_UIApplicationSupportsIndirectInputEvents = YES;
				INFOPLIST_KEY_UILaunchScreen_Generation = YES;
				INFOPLIST_KEY_UISupportedInterfaceOrientations_iPad = "UIInterfaceOrientationPortrait UIInterfaceOrientationPortraitUpsideDown UIInterfaceOrientationLandscapeLeft UIInterfaceOrientationLandscapeRight";
				INFOPLIST_KEY_UISupportedInterfaceOrientations_iPhone = "UIInterfaceOrientationPortrait UIInterfaceOrientationLandscapeLeft UIInterfaceOrientationLandscapeRight";
				LD_RUNPATH_SEARCH_PATHS = (
					"$(inherited)",
					"@executable_path/Frameworks",
				);
				MARKETING_VERSION = 1.0;
				PRODUCT_BUNDLE_IDENTIFIER = de.wangupullwitt.BundestagLive;
				PRODUCT_NAME = "$(TARGET_NAME)";
				SWIFT_EMIT_LOC_STRINGS = YES;
				SWIFT_VERSION = 5.0;
				TARGETED_DEVICE_FAMILY = "1,2";
			};
			name = Release;
		};
/* End XCBuildConfiguration section */

/* Begin XCConfigurationList section */
		72ADE2E32C824D5B00F69370 /* Build configuration list for PBXProject "BundestagLive" */ = {
			isa = XCConfigurationList;
			buildConfigurations = (
				72ADE2F42C824D5E00F69370 /* Debug */,
				72ADE2F52C824D5E00F69370 /* Release */,
			);
			defaultConfigurationIsVisible = 0;
			defaultConfigurationName = Release;
		};
		72ADE2F62C824D5E00F69370 /* Build configuration list for PBXNativeTarget "BundestagLive" */ = {
			isa = XCConfigurationList;
			buildConfigurations = (
				72ADE2F72C824D5E00F69370 /* Debug */,
				72ADE2F82C824D5E00F69370 /* Release */,
			);
			defaultConfigurationIsVisible = 0;
			defaultConfigurationName = Release;
		};
/* End XCConfigurationList section */
	};
	rootObject = 72ADE2E02C824D5B00F69370 /* Project object */;
}
