// !$*UTF8*$!
{
	archiveVersion = 1;
	classes = {
	};
	objectVersion = 56;
	objects = {

/* Begin PBXBuildFile section */
		72371A672C875CD2006BE127 /* Launch Screen.storyboard in Resources */ = {isa = PBXBuildFile; fileRef = 72371A662C875CD2006BE127 /* Launch Screen.storyboard */; };
		727137992C824E01007A6EF7 /* PoliticianModel.swift in Sources */ = {isa = PBXBuildFile; fileRef = 727137982C824E01007A6EF7 /* PoliticianModel.swift */; };
		7271379B2C824E88007A6EF7 /* PoliticianViewModel.swift in Sources */ = {isa = PBXBuildFile; fileRef = 7271379A2C824E88007A6EF7 /* PoliticianViewModel.swift */; };
		72ADE2EC2C824D5B00F69370 /* BundestagLiveApp.swift in Sources */ = {isa = PBXBuildFile; fileRef = 72ADE2EB2C824D5B00F69370 /* BundestagLiveApp.swift */; };
		72ADE2F02C824D5E00F69370 /* Assets.xcassets in Resources */ = {isa = PBXBuildFile; fileRef = 72ADE2EF2C824D5E00F69370 /* Assets.xcassets */; };
		72ADE2F32C824D5E00F69370 /* Preview Assets.xcassets in Resources */ = {isa = PBXBuildFile; fileRef = 72ADE2F22C824D5E00F69370 /* Preview Assets.xcassets */; };
		72C457532C825500006E1234 /* SinglePoliticianView.swift in Sources */ = {isa = PBXBuildFile; fileRef = 72C457522C825500006E1234 /* SinglePoliticianView.swift */; };
		72C457562C82610F006E1234 /* SearchView.swift in Sources */ = {isa = PBXBuildFile; fileRef = 72C457552C82610F006E1234 /* SearchView.swift */; };
		72C457582C82611E006E1234 /* PoliticiansViewModel.swift in Sources */ = {isa = PBXBuildFile; fileRef = 72C457572C82611E006E1234 /* PoliticiansViewModel.swift */; };
		72C4575A2C826136006E1234 /* PoliticiansModel.swift in Sources */ = {isa = PBXBuildFile; fileRef = 72C457592C826136006E1234 /* PoliticiansModel.swift */; };
		72C4575D2C826FC1006E1234 /* PollsView.swift in Sources */ = {isa = PBXBuildFile; fileRef = 72C4575C2C826FC0006E1234 /* PollsView.swift */; };
		72C51BEC2C92FB0F00266719 /* SFSafariView.swift in Sources */ = {isa = PBXBuildFile; fileRef = 72C51BEB2C92FB0F00266719 /* SFSafariView.swift */; };
		72C51BEE2C92FB7400266719 /* SwiftUILinksView.swift in Sources */ = {isa = PBXBuildFile; fileRef = 72C51BED2C92FB7400266719 /* SwiftUILinksView.swift */; };
		72C51BF02C9304E600266719 /* halfCircle.swift in Sources */ = {isa = PBXBuildFile; fileRef = 72C51BEF2C9304E500266719 /* halfCircle.swift */; };
		72C9D3FA2C88A0A9002C5243 /* SingleElectionView.swift in Sources */ = {isa = PBXBuildFile; fileRef = 72C9D3F92C88A0A9002C5243 /* SingleElectionView.swift */; };
		72CD2DDE2C84782B00E655C4 /* PartyProgrammView.swift in Sources */ = {isa = PBXBuildFile; fileRef = 72CD2DDD2C84782B00E655C4 /* PartyProgrammView.swift */; };
		72CD2DE02C8479FC00E655C4 /* ElectionProgramms.swift in Sources */ = {isa = PBXBuildFile; fileRef = 72CD2DDF2C8479FC00E655C4 /* ElectionProgramms.swift */; };
		72CD2DE22C847A0900E655C4 /* ElectionProgramm.swift in Sources */ = {isa = PBXBuildFile; fileRef = 72CD2DE12C847A0900E655C4 /* ElectionProgramm.swift */; };
		72CD2DE62C847A4900E655C4 /* ProgrammModel.swift in Sources */ = {isa = PBXBuildFile; fileRef = 72CD2DE52C847A4900E655C4 /* ProgrammModel.swift */; };
		72CD2DE82C847D7300E655C4 /* ProgrammsModel.swift in Sources */ = {isa = PBXBuildFile; fileRef = 72CD2DE72C847D7300E655C4 /* ProgrammsModel.swift */; };
		72CD2DEA2C84801D00E655C4 /* SingleElectionProgrammView.swift in Sources */ = {isa = PBXBuildFile; fileRef = 72CD2DE92C84801D00E655C4 /* SingleElectionProgrammView.swift */; };
		72CD2DED2C84A45C00E655C4 /* PollViewModel.swift in Sources */ = {isa = PBXBuildFile; fileRef = 72CD2DEC2C84A45C00E655C4 /* PollViewModel.swift */; };
		72CD2DEF2C84A46600E655C4 /* PollsViewModel.swift in Sources */ = {isa = PBXBuildFile; fileRef = 72CD2DEE2C84A46600E655C4 /* PollsViewModel.swift */; };
		72CD2DF22C84A47D00E655C4 /* PollModel.swift in Sources */ = {isa = PBXBuildFile; fileRef = 72CD2DF12C84A47D00E655C4 /* PollModel.swift */; };
		72CD2DF42C84A48A00E655C4 /* PollsModel.swift in Sources */ = {isa = PBXBuildFile; fileRef = 72CD2DF32C84A48A00E655C4 /* PollsModel.swift */; };
		72CD2DF62C84A53A00E655C4 /* Legals.swift in Sources */ = {isa = PBXBuildFile; fileRef = 72CD2DF52C84A53A00E655C4 /* Legals.swift */; };
		72CD2DF92C851EA000E655C4 /* ColorExtension.swift in Sources */ = {isa = PBXBuildFile; fileRef = 72CD2DF82C851EA000E655C4 /* ColorExtension.swift */; };
		72CD2DFB2C852C6D00E655C4 /* PollDetailView.swift in Sources */ = {isa = PBXBuildFile; fileRef = 72CD2DFA2C852C6D00E655C4 /* PollDetailView.swift */; };
		72CF331C2C83013A002D7BCD /* PartyModel.swift in Sources */ = {isa = PBXBuildFile; fileRef = 72CF331B2C83013A002D7BCD /* PartyModel.swift */; };
		72CF331E2C83014A002D7BCD /* PartyViewModel.swift in Sources */ = {isa = PBXBuildFile; fileRef = 72CF331D2C83014A002D7BCD /* PartyViewModel.swift */; };
		72CF33222C830377002D7BCD /* PartysViewModel.swift in Sources */ = {isa = PBXBuildFile; fileRef = 72CF33212C830377002D7BCD /* PartysViewModel.swift */; };
		72CF33242C8303B0002D7BCD /* PartysModel.swift in Sources */ = {isa = PBXBuildFile; fileRef = 72CF33232C8303B0002D7BCD /* PartysModel.swift */; };
		72CF33292C8307FF002D7BCD /* SinglePartyView.swift in Sources */ = {isa = PBXBuildFile; fileRef = 72CF33282C8307FF002D7BCD /* SinglePartyView.swift */; };
		72CF332B2C830812002D7BCD /* SingleFractionView.swift in Sources */ = {isa = PBXBuildFile; fileRef = 72CF332A2C830812002D7BCD /* SingleFractionView.swift */; };
		72CF332D2C830822002D7BCD /* HomeView.swift in Sources */ = {isa = PBXBuildFile; fileRef = 72CF332C2C830822002D7BCD /* HomeView.swift */; };
		72CF33302C83084D002D7BCD /* MoreView.swift in Sources */ = {isa = PBXBuildFile; fileRef = 72CF332F2C83084D002D7BCD /* MoreView.swift */; };
		72CF33332C830882002D7BCD /* ElectionProgrammView.swift in Sources */ = {isa = PBXBuildFile; fileRef = 72CF33322C830882002D7BCD /* ElectionProgrammView.swift */; };
		72CF33352C830895002D7BCD /* NextElectionView.swift in Sources */ = {isa = PBXBuildFile; fileRef = 72CF33342C830895002D7BCD /* NextElectionView.swift */; };
		72CF33372C83191C002D7BCD /* TabBarView.swift in Sources */ = {isa = PBXBuildFile; fileRef = 72CF33362C83191C002D7BCD /* TabBarView.swift */; };
		72CF33392C832557002D7BCD /* ParliamentPeriode.swift in Sources */ = {isa = PBXBuildFile; fileRef = 72CF33382C832557002D7BCD /* ParliamentPeriode.swift */; };
		72CF333B2C832572002D7BCD /* ElectionRight.swift in Sources */ = {isa = PBXBuildFile; fileRef = 72CF333A2C832572002D7BCD /* ElectionRight.swift */; };
		72CF333D2C83257E002D7BCD /* Resources.swift in Sources */ = {isa = PBXBuildFile; fileRef = 72CF333C2C83257E002D7BCD /* Resources.swift */; };
		72CF333F2C832A69002D7BCD /* FractionModel.swift in Sources */ = {isa = PBXBuildFile; fileRef = 72CF333E2C832A68002D7BCD /* FractionModel.swift */; };
		72CF33412C832A79002D7BCD /* FractionsModel.swift in Sources */ = {isa = PBXBuildFile; fileRef = 72CF33402C832A79002D7BCD /* FractionsModel.swift */; };
		72CF33472C833886002D7BCD /* FractionViewModel.swift in Sources */ = {isa = PBXBuildFile; fileRef = 72CF33462C833885002D7BCD /* FractionViewModel.swift */; };
		72CF33492C833A10002D7BCD /* FractionsViewModel.swift in Sources */ = {isa = PBXBuildFile; fileRef = 72CF33482C833A10002D7BCD /* FractionsViewModel.swift */; };
		72D51B612C872AC200785093 /* PreviousElections.swift in Sources */ = {isa = PBXBuildFile; fileRef = 72D51B602C872AC200785093 /* PreviousElections.swift */; };
		72D51B642C872C8A00785093 /* ParliamentModel.swift in Sources */ = {isa = PBXBuildFile; fileRef = 72D51B632C872C8A00785093 /* ParliamentModel.swift */; };
		72D51B662C872C9300785093 /* ParliamentsModel.swift in Sources */ = {isa = PBXBuildFile; fileRef = 72D51B652C872C9300785093 /* ParliamentsModel.swift */; };
		72D51B692C87330800785093 /* ParliamentsViewModel.swift in Sources */ = {isa = PBXBuildFile; fileRef = 72D51B682C87330800785093 /* ParliamentsViewModel.swift */; };
		72D51B6B2C873B6300785093 /* Formatter.swift in Sources */ = {isa = PBXBuildFile; fileRef = 72D51B6A2C873B6300785093 /* Formatter.swift */; };
		72D6CC0A2C8DAEBC0089DD90 /* SurveysModel.swift in Sources */ = {isa = PBXBuildFile; fileRef = 72D6CC092C8DAEBC0089DD90 /* SurveysModel.swift */; };
		72D6CC0E2C8DB4230089DD90 /* SurveysViewModel.swift in Sources */ = {isa = PBXBuildFile; fileRef = 72D6CC0D2C8DB4230089DD90 /* SurveysViewModel.swift */; };
		72D6CC102C8DB7B30089DD90 /* NextElectionDetailsView.swift in Sources */ = {isa = PBXBuildFile; fileRef = 72D6CC0F2C8DB7B30089DD90 /* NextElectionDetailsView.swift */; };
/* End PBXBuildFile section */

/* Begin PBXFileReference section */
		72371A662C875CD2006BE127 /* Launch Screen.storyboard */ = {isa = PBXFileReference; lastKnownFileType = file.storyboard; path = "Launch Screen.storyboard"; sourceTree = "<group>"; };
		727137982C824E01007A6EF7 /* PoliticianModel.swift */ = {isa = PBXFileReference; lastKnownFileType = sourcecode.swift; path = PoliticianModel.swift; sourceTree = "<group>"; };
		7271379A2C824E88007A6EF7 /* PoliticianViewModel.swift */ = {isa = PBXFileReference; lastKnownFileType = sourcecode.swift; path = PoliticianViewModel.swift; sourceTree = "<group>"; };
		72ADE2E82C824D5B00F69370 /* BundestagLive.app */ = {isa = PBXFileReference; explicitFileType = wrapper.application; includeInIndex = 0; path = BundestagLive.app; sourceTree = BUILT_PRODUCTS_DIR; };
		72ADE2EB2C824D5B00F69370 /* BundestagLiveApp.swift */ = {isa = PBXFileReference; lastKnownFileType = sourcecode.swift; path = BundestagLiveApp.swift; sourceTree = "<group>"; };
		72ADE2EF2C824D5E00F69370 /* Assets.xcassets */ = {isa = PBXFileReference; lastKnownFileType = folder.assetcatalog; path = Assets.xcassets; sourceTree = "<group>"; };
		72ADE2F22C824D5E00F69370 /* Preview Assets.xcassets */ = {isa = PBXFileReference; lastKnownFileType = folder.assetcatalog; path = "Preview Assets.xcassets"; sourceTree = "<group>"; };
		72C457522C825500006E1234 /* SinglePoliticianView.swift */ = {isa = PBXFileReference; lastKnownFileType = sourcecode.swift; path = SinglePoliticianView.swift; sourceTree = "<group>"; };
		72C457552C82610F006E1234 /* SearchView.swift */ = {isa = PBXFileReference; lastKnownFileType = sourcecode.swift; path = SearchView.swift; sourceTree = "<group>"; };
		72C457572C82611E006E1234 /* PoliticiansViewModel.swift */ = {isa = PBXFileReference; lastKnownFileType = sourcecode.swift; path = PoliticiansViewModel.swift; sourceTree = "<group>"; };
		72C457592C826136006E1234 /* PoliticiansModel.swift */ = {isa = PBXFileReference; lastKnownFileType = sourcecode.swift; path = PoliticiansModel.swift; sourceTree = "<group>"; };
		72C4575C2C826FC0006E1234 /* PollsView.swift */ = {isa = PBXFileReference; lastKnownFileType = sourcecode.swift; path = PollsView.swift; sourceTree = "<group>"; };
		72C51BEB2C92FB0F00266719 /* SFSafariView.swift */ = {isa = PBXFileReference; lastKnownFileType = sourcecode.swift; path = SFSafariView.swift; sourceTree = "<group>"; };
		72C51BED2C92FB7400266719 /* SwiftUILinksView.swift */ = {isa = PBXFileReference; lastKnownFileType = sourcecode.swift; path = SwiftUILinksView.swift; sourceTree = "<group>"; };
		72C51BEF2C9304E500266719 /* halfCircle.swift */ = {isa = PBXFileReference; lastKnownFileType = sourcecode.swift; path = halfCircle.swift; sourceTree = "<group>"; };
		72C9D3F92C88A0A9002C5243 /* SingleElectionView.swift */ = {isa = PBXFileReference; lastKnownFileType = sourcecode.swift; path = SingleElectionView.swift; sourceTree = "<group>"; };
		72CD2DDD2C84782B00E655C4 /* PartyProgrammView.swift */ = {isa = PBXFileReference; lastKnownFileType = sourcecode.swift; path = PartyProgrammView.swift; sourceTree = "<group>"; };
		72CD2DDF2C8479FC00E655C4 /* ElectionProgramms.swift */ = {isa = PBXFileReference; lastKnownFileType = sourcecode.swift; path = ElectionProgramms.swift; sourceTree = "<group>"; };
		72CD2DE12C847A0900E655C4 /* ElectionProgramm.swift */ = {isa = PBXFileReference; lastKnownFileType = sourcecode.swift; path = ElectionProgramm.swift; sourceTree = "<group>"; };
		72CD2DE52C847A4900E655C4 /* ProgrammModel.swift */ = {isa = PBXFileReference; lastKnownFileType = sourcecode.swift; path = ProgrammModel.swift; sourceTree = "<group>"; };
		72CD2DE72C847D7300E655C4 /* ProgrammsModel.swift */ = {isa = PBXFileReference; lastKnownFileType = sourcecode.swift; path = ProgrammsModel.swift; sourceTree = "<group>"; };
		72CD2DE92C84801D00E655C4 /* SingleElectionProgrammView.swift */ = {isa = PBXFileReference; lastKnownFileType = sourcecode.swift; path = SingleElectionProgrammView.swift; sourceTree = "<group>"; };
		72CD2DEC2C84A45C00E655C4 /* PollViewModel.swift */ = {isa = PBXFileReference; lastKnownFileType = sourcecode.swift; path = PollViewModel.swift; sourceTree = "<group>"; };
		72CD2DEE2C84A46600E655C4 /* PollsViewModel.swift */ = {isa = PBXFileReference; lastKnownFileType = sourcecode.swift; path = PollsViewModel.swift; sourceTree = "<group>"; };
		72CD2DF12C84A47D00E655C4 /* PollModel.swift */ = {isa = PBXFileReference; lastKnownFileType = sourcecode.swift; path = PollModel.swift; sourceTree = "<group>"; };
		72CD2DF32C84A48A00E655C4 /* PollsModel.swift */ = {isa = PBXFileReference; lastKnownFileType = sourcecode.swift; path = PollsModel.swift; sourceTree = "<group>"; };
		72CD2DF52C84A53A00E655C4 /* Legals.swift */ = {isa = PBXFileReference; lastKnownFileType = sourcecode.swift; path = Legals.swift; sourceTree = "<group>"; };
		72CD2DF82C851EA000E655C4 /* ColorExtension.swift */ = {isa = PBXFileReference; lastKnownFileType = sourcecode.swift; path = ColorExtension.swift; sourceTree = "<group>"; };
		72CD2DFA2C852C6D00E655C4 /* PollDetailView.swift */ = {isa = PBXFileReference; lastKnownFileType = sourcecode.swift; path = PollDetailView.swift; sourceTree = "<group>"; };
		72CF331B2C83013A002D7BCD /* PartyModel.swift */ = {isa = PBXFileReference; lastKnownFileType = sourcecode.swift; path = PartyModel.swift; sourceTree = "<group>"; };
		72CF331D2C83014A002D7BCD /* PartyViewModel.swift */ = {isa = PBXFileReference; lastKnownFileType = sourcecode.swift; path = PartyViewModel.swift; sourceTree = "<group>"; };
		72CF33212C830377002D7BCD /* PartysViewModel.swift */ = {isa = PBXFileReference; lastKnownFileType = sourcecode.swift; path = PartysViewModel.swift; sourceTree = "<group>"; };
		72CF33232C8303B0002D7BCD /* PartysModel.swift */ = {isa = PBXFileReference; lastKnownFileType = sourcecode.swift; path = PartysModel.swift; sourceTree = "<group>"; };
		72CF33282C8307FF002D7BCD /* SinglePartyView.swift */ = {isa = PBXFileReference; lastKnownFileType = sourcecode.swift; path = SinglePartyView.swift; sourceTree = "<group>"; };
		72CF332A2C830812002D7BCD /* SingleFractionView.swift */ = {isa = PBXFileReference; lastKnownFileType = sourcecode.swift; path = SingleFractionView.swift; sourceTree = "<group>"; };
		72CF332C2C830822002D7BCD /* HomeView.swift */ = {isa = PBXFileReference; lastKnownFileType = sourcecode.swift; path = HomeView.swift; sourceTree = "<group>"; };
		72CF332F2C83084D002D7BCD /* MoreView.swift */ = {isa = PBXFileReference; lastKnownFileType = sourcecode.swift; path = MoreView.swift; sourceTree = "<group>"; };
		72CF33322C830882002D7BCD /* ElectionProgrammView.swift */ = {isa = PBXFileReference; lastKnownFileType = sourcecode.swift; path = ElectionProgrammView.swift; sourceTree = "<group>"; };
		72CF33342C830895002D7BCD /* NextElectionView.swift */ = {isa = PBXFileReference; lastKnownFileType = sourcecode.swift; path = NextElectionView.swift; sourceTree = "<group>"; };
		72CF33362C83191C002D7BCD /* TabBarView.swift */ = {isa = PBXFileReference; lastKnownFileType = sourcecode.swift; path = TabBarView.swift; sourceTree = "<group>"; };
		72CF33382C832557002D7BCD /* ParliamentPeriode.swift */ = {isa = PBXFileReference; lastKnownFileType = sourcecode.swift; path = ParliamentPeriode.swift; sourceTree = "<group>"; };
		72CF333A2C832572002D7BCD /* ElectionRight.swift */ = {isa = PBXFileReference; lastKnownFileType = sourcecode.swift; path = ElectionRight.swift; sourceTree = "<group>"; };
		72CF333C2C83257E002D7BCD /* Resources.swift */ = {isa = PBXFileReference; lastKnownFileType = sourcecode.swift; path = Resources.swift; sourceTree = "<group>"; };
		72CF333E2C832A68002D7BCD /* FractionModel.swift */ = {isa = PBXFileReference; lastKnownFileType = sourcecode.swift; path = FractionModel.swift; sourceTree = "<group>"; };
		72CF33402C832A79002D7BCD /* FractionsModel.swift */ = {isa = PBXFileReference; lastKnownFileType = sourcecode.swift; path = FractionsModel.swift; sourceTree = "<group>"; };
		72CF33462C833885002D7BCD /* FractionViewModel.swift */ = {isa = PBXFileReference; lastKnownFileType = sourcecode.swift; path = FractionViewModel.swift; sourceTree = "<group>"; };
		72CF33482C833A10002D7BCD /* FractionsViewModel.swift */ = {isa = PBXFileReference; lastKnownFileType = sourcecode.swift; path = FractionsViewModel.swift; sourceTree = "<group>"; };
		72D51B602C872AC200785093 /* PreviousElections.swift */ = {isa = PBXFileReference; lastKnownFileType = sourcecode.swift; path = PreviousElections.swift; sourceTree = "<group>"; };
		72D51B632C872C8A00785093 /* ParliamentModel.swift */ = {isa = PBXFileReference; lastKnownFileType = sourcecode.swift; path = ParliamentModel.swift; sourceTree = "<group>"; };
		72D51B652C872C9300785093 /* ParliamentsModel.swift */ = {isa = PBXFileReference; lastKnownFileType = sourcecode.swift; path = ParliamentsModel.swift; sourceTree = "<group>"; };
		72D51B682C87330800785093 /* ParliamentsViewModel.swift */ = {isa = PBXFileReference; lastKnownFileType = sourcecode.swift; path = ParliamentsViewModel.swift; sourceTree = "<group>"; };
		72D51B6A2C873B6300785093 /* Formatter.swift */ = {isa = PBXFileReference; lastKnownFileType = sourcecode.swift; path = Formatter.swift; sourceTree = "<group>"; };
		72D51B712C87536F00785093 /* Info.plist */ = {isa = PBXFileReference; lastKnownFileType = text.plist; path = Info.plist; sourceTree = "<group>"; };
		72D6CC092C8DAEBC0089DD90 /* SurveysModel.swift */ = {isa = PBXFileReference; lastKnownFileType = sourcecode.swift; path = SurveysModel.swift; sourceTree = "<group>"; };
		72D6CC0D2C8DB4230089DD90 /* SurveysViewModel.swift */ = {isa = PBXFileReference; lastKnownFileType = sourcecode.swift; path = SurveysViewModel.swift; sourceTree = "<group>"; };
		72D6CC0F2C8DB7B30089DD90 /* NextElectionDetailsView.swift */ = {isa = PBXFileReference; lastKnownFileType = sourcecode.swift; path = NextElectionDetailsView.swift; sourceTree = "<group>"; };
/* End PBXFileReference section */

/* Begin PBXFrameworksBuildPhase section */
		72ADE2E52C824D5B00F69370 /* Frameworks */ = {
			isa = PBXFrameworksBuildPhase;
			buildActionMask = 2147483647;
			files = (
			);
			runOnlyForDeploymentPostprocessing = 0;
		};
/* End PBXFrameworksBuildPhase section */

/* Begin PBXGroup section */
		72ADE2DF2C824D5B00F69370 = {
			isa = PBXGroup;
			children = (
				72ADE2EA2C824D5B00F69370 /* BundestagLive */,
				72ADE2E92C824D5B00F69370 /* Products */,
			);
			sourceTree = "<group>";
		};
		72ADE2E92C824D5B00F69370 /* Products */ = {
			isa = PBXGroup;
			children = (
				72ADE2E82C824D5B00F69370 /* BundestagLive.app */,
			);
			name = Products;
			sourceTree = "<group>";
		};
		72ADE2EA2C824D5B00F69370 /* BundestagLive */ = {
			isa = PBXGroup;
			children = (
				72D51B712C87536F00785093 /* Info.plist */,
				72ADE2EB2C824D5B00F69370 /* BundestagLiveApp.swift */,
				72C4575B2C826FA6006E1234 /* Core */,
				72C4575E2C826FDF006E1234 /* ViewModels */,
				72ADE2FA2C824D8700F69370 /* Models */,
				72ADE2EF2C824D5E00F69370 /* Assets.xcassets */,
				72ADE2F12C824D5E00F69370 /* Preview Content */,
			);
			path = BundestagLive;
			sourceTree = "<group>";
		};
		72ADE2F12C824D5E00F69370 /* Preview Content */ = {
			isa = PBXGroup;
			children = (
				72ADE2F22C824D5E00F69370 /* Preview Assets.xcassets */,
			);
			path = "Preview Content";
			sourceTree = "<group>";
		};
		72ADE2FA2C824D8700F69370 /* Models */ = {
			isa = PBXGroup;
			children = (
				72CF33422C832A89002D7BCD /* Politicians */,
				72CF33432C832A98002D7BCD /* Partys */,
				72CF33442C832AA6002D7BCD /* Fractions */,
				72CD2DE42C847A3000E655C4 /* Programms */,
				72CD2DF02C84A46D00E655C4 /* Polls */,
				72D51B622C872C7300785093 /* Parliament */,
				72D6CC082C8DAE9B0089DD90 /* Surveys */,
			);
			name = Models;
			sourceTree = "<group>";
		};
		72C457542C8260FA006E1234 /* Politicians */ = {
			isa = PBXGroup;
			children = (
				7271379A2C824E88007A6EF7 /* PoliticianViewModel.swift */,
				72C457572C82611E006E1234 /* PoliticiansViewModel.swift */,
			);
			name = Politicians;
			sourceTree = "<group>";
		};
		72C4575B2C826FA6006E1234 /* Core */ = {
			isa = PBXGroup;
			children = (
				72D51B6C2C87517A00785093 /* Launch */,
				72CD2DF72C851E8B00E655C4 /* Extensions */,
				72CF33262C830517002D7BCD /* Home */,
				72CF33252C83050E002D7BCD /* Search */,
				72CF33272C83052B002D7BCD /* Polls */,
				72CF332E2C830833002D7BCD /* More */,
			);
			name = Core;
			sourceTree = "<group>";
		};
		72C4575E2C826FDF006E1234 /* ViewModels */ = {
			isa = PBXGroup;
			children = (
				72C457542C8260FA006E1234 /* Politicians */,
				72CF33202C830366002D7BCD /* Partys */,
				72CF33452C833862002D7BCD /* Fractions */,
				72CD2DE32C847A0F00E655C4 /* Programms */,
				72CD2DEB2C84A44600E655C4 /* Polls */,
				72D51B672C8732E100785093 /* Parliaments */,
				72D6CC0C2C8DB4050089DD90 /* Surveys */,
			);
			name = ViewModels;
			sourceTree = "<group>";
		};
		72C51BEA2C92FAF400266719 /* Safari */ = {
			isa = PBXGroup;
			children = (
				72C51BEB2C92FB0F00266719 /* SFSafariView.swift */,
				72C51BED2C92FB7400266719 /* SwiftUILinksView.swift */,
			);
			name = Safari;
			sourceTree = "<group>";
		};
		72C9D3F82C88A073002C5243 /* Elections */ = {
			isa = PBXGroup;
			children = (
				72C9D3F92C88A0A9002C5243 /* SingleElectionView.swift */,
				72D6CC112C8DB7B70089DD90 /* Next */,
				72D6CC122C8DB7BD0089DD90 /* Previous */,
			);
			name = Elections;
			sourceTree = "<group>";
		};
		72CD2DDC2C84780100E655C4 /* Electionprogramm */ = {
			isa = PBXGroup;
			children = (
				72CF33322C830882002D7BCD /* ElectionProgrammView.swift */,
				72CD2DDD2C84782B00E655C4 /* PartyProgrammView.swift */,
				72CD2DE92C84801D00E655C4 /* SingleElectionProgrammView.swift */,
			);
			name = Electionprogramm;
			sourceTree = "<group>";
		};
		72CD2DE32C847A0F00E655C4 /* Programms */ = {
			isa = PBXGroup;
			children = (
				72CD2DDF2C8479FC00E655C4 /* ElectionProgramms.swift */,
				72CD2DE12C847A0900E655C4 /* ElectionProgramm.swift */,
			);
			name = Programms;
			sourceTree = "<group>";
		};
		72CD2DE42C847A3000E655C4 /* Programms */ = {
			isa = PBXGroup;
			children = (
				72CD2DE52C847A4900E655C4 /* ProgrammModel.swift */,
				72CD2DE72C847D7300E655C4 /* ProgrammsModel.swift */,
			);
			name = Programms;
			sourceTree = "<group>";
		};
		72CD2DEB2C84A44600E655C4 /* Polls */ = {
			isa = PBXGroup;
			children = (
				72CD2DEC2C84A45C00E655C4 /* PollViewModel.swift */,
				72CD2DEE2C84A46600E655C4 /* PollsViewModel.swift */,
			);
			name = Polls;
			sourceTree = "<group>";
		};
		72CD2DF02C84A46D00E655C4 /* Polls */ = {
			isa = PBXGroup;
			children = (
				72CD2DF12C84A47D00E655C4 /* PollModel.swift */,
				72CD2DF32C84A48A00E655C4 /* PollsModel.swift */,
			);
			name = Polls;
			sourceTree = "<group>";
		};
		72CD2DF72C851E8B00E655C4 /* Extensions */ = {
			isa = PBXGroup;
			children = (
				72C51BEA2C92FAF400266719 /* Safari */,
				72CD2DF82C851EA000E655C4 /* ColorExtension.swift */,
				72D51B6A2C873B6300785093 /* Formatter.swift */,
			);
			name = Extensions;
			sourceTree = "<group>";
		};
		72CF33202C830366002D7BCD /* Partys */ = {
			isa = PBXGroup;
			children = (
				72CF331D2C83014A002D7BCD /* PartyViewModel.swift */,
				72CF33212C830377002D7BCD /* PartysViewModel.swift */,
			);
			name = Partys;
			sourceTree = "<group>";
		};
		72CF33252C83050E002D7BCD /* Search */ = {
			isa = PBXGroup;
			children = (
				72C457552C82610F006E1234 /* SearchView.swift */,
				72C457522C825500006E1234 /* SinglePoliticianView.swift */,
				72CF33282C8307FF002D7BCD /* SinglePartyView.swift */,
				72CF332A2C830812002D7BCD /* SingleFractionView.swift */,
			);
			name = Search;
			sourceTree = "<group>";
		};
		72CF33262C830517002D7BCD /* Home */ = {
			isa = PBXGroup;
			children = (
				72CF332C2C830822002D7BCD /* HomeView.swift */,
				72CF33362C83191C002D7BCD /* TabBarView.swift */,
				72C51BEF2C9304E500266719 /* halfCircle.swift */,
			);
			name = Home;
			sourceTree = "<group>";
		};
		72CF33272C83052B002D7BCD /* Polls */ = {
			isa = PBXGroup;
			children = (
				72C4575C2C826FC0006E1234 /* PollsView.swift */,
				72CD2DFA2C852C6D00E655C4 /* PollDetailView.swift */,
			);
			name = Polls;
			sourceTree = "<group>";
		};
		72CF332E2C830833002D7BCD /* More */ = {
			isa = PBXGroup;
			children = (
				72CF332F2C83084D002D7BCD /* MoreView.swift */,
				72CF33312C83085F002D7BCD /* MoreSubViews */,
			);
			name = More;
			sourceTree = "<group>";
		};
		72CF33312C83085F002D7BCD /* MoreSubViews */ = {
			isa = PBXGroup;
			children = (
				72CF33382C832557002D7BCD /* ParliamentPeriode.swift */,
				72CD2DDC2C84780100E655C4 /* Electionprogramm */,
				72C9D3F82C88A073002C5243 /* Elections */,
				72CF333A2C832572002D7BCD /* ElectionRight.swift */,
				72CF333C2C83257E002D7BCD /* Resources.swift */,
				72CD2DF52C84A53A00E655C4 /* Legals.swift */,
			);
			name = MoreSubViews;
			sourceTree = "<group>";
		};
		72CF33422C832A89002D7BCD /* Politicians */ = {
			isa = PBXGroup;
			children = (
				727137982C824E01007A6EF7 /* PoliticianModel.swift */,
				72C457592C826136006E1234 /* PoliticiansModel.swift */,
			);
			name = Politicians;
			sourceTree = "<group>";
		};
		72CF33432C832A98002D7BCD /* Partys */ = {
			isa = PBXGroup;
			children = (
				72CF331B2C83013A002D7BCD /* PartyModel.swift */,
				72CF33232C8303B0002D7BCD /* PartysModel.swift */,
			);
			name = Partys;
			sourceTree = "<group>";
		};
		72CF33442C832AA6002D7BCD /* Fractions */ = {
			isa = PBXGroup;
			children = (
				72CF333E2C832A68002D7BCD /* FractionModel.swift */,
				72CF33402C832A79002D7BCD /* FractionsModel.swift */,
			);
			name = Fractions;
			sourceTree = "<group>";
		};
		72CF33452C833862002D7BCD /* Fractions */ = {
			isa = PBXGroup;
			children = (
				72CF33462C833885002D7BCD /* FractionViewModel.swift */,
				72CF33482C833A10002D7BCD /* FractionsViewModel.swift */,
			);
			name = Fractions;
			sourceTree = "<group>";
		};
		72D51B622C872C7300785093 /* Parliament */ = {
			isa = PBXGroup;
			children = (
				72D51B632C872C8A00785093 /* ParliamentModel.swift */,
				72D51B652C872C9300785093 /* ParliamentsModel.swift */,
			);
			name = Parliament;
			sourceTree = "<group>";
		};
		72D51B672C8732E100785093 /* Parliaments */ = {
			isa = PBXGroup;
			children = (
				72D51B682C87330800785093 /* ParliamentsViewModel.swift */,
			);
			name = Parliaments;
			sourceTree = "<group>";
		};
		72D51B6C2C87517A00785093 /* Launch */ = {
			isa = PBXGroup;
			children = (
				72371A662C875CD2006BE127 /* Launch Screen.storyboard */,
			);
			name = Launch;
			sourceTree = "<group>";
		};
		72D6CC082C8DAE9B0089DD90 /* Surveys */ = {
			isa = PBXGroup;
			children = (
				72D6CC092C8DAEBC0089DD90 /* SurveysModel.swift */,
			);
			name = Surveys;
			sourceTree = "<group>";
		};
		72D6CC0C2C8DB4050089DD90 /* Surveys */ = {
			isa = PBXGroup;
			children = (
				72D6CC0D2C8DB4230089DD90 /* SurveysViewModel.swift */,
			);
			name = Surveys;
			sourceTree = "<group>";
		};
		72D6CC112C8DB7B70089DD90 /* Next */ = {
			isa = PBXGroup;
			children = (
				72CF33342C830895002D7BCD /* NextElectionView.swift */,
				72D6CC0F2C8DB7B30089DD90 /* NextElectionDetailsView.swift */,
			);
			name = Next;
			sourceTree = "<group>";
		};
		72D6CC122C8DB7BD0089DD90 /* Previous */ = {
			isa = PBXGroup;
			children = (
				72D51B602C872AC200785093 /* PreviousElections.swift */,
			);
			name = Previous;
			sourceTree = "<group>";
		};
/* End PBXGroup section */

/* Begin PBXNativeTarget section */
		72ADE2E72C824D5B00F69370 /* BundestagLive */ = {
			isa = PBXNativeTarget;
			buildConfigurationList = 72ADE2F62C824D5E00F69370 /* Build configuration list for PBXNativeTarget "BundestagLive" */;
			buildPhases = (
				72ADE2E42C824D5B00F69370 /* Sources */,
				72ADE2E52C824D5B00F69370 /* Frameworks */,
				72ADE2E62C824D5B00F69370 /* Resources */,
			);
			buildRules = (
			);
			dependencies = (
			);
			name = BundestagLive;
			productName = BundestagLive;
			productReference = 72ADE2E82C824D5B00F69370 /* BundestagLive.app */;
			productType = "com.apple.product-type.application";
		};
/* End PBXNativeTarget section */

/* Begin PBXProject section */
		72ADE2E02C824D5B00F69370 /* Project object */ = {
			isa = PBXProject;
			attributes = {
				BuildIndependentTargetsInParallel = 1;
				LastSwiftUpdateCheck = 1540;
				LastUpgradeCheck = 1540;
				TargetAttributes = {
					72ADE2E72C824D5B00F69370 = {
						CreatedOnToolsVersion = 15.4;
					};
				};
			};
			buildConfigurationList = 72ADE2E32C824D5B00F69370 /* Build configuration list for PBXProject "BundestagLive" */;
			compatibilityVersion = "Xcode 14.0";
			developmentRegion = en;
			hasScannedForEncodings = 0;
			knownRegions = (
				en,
				Base,
			);
			mainGroup = 72ADE2DF2C824D5B00F69370;
			productRefGroup = 72ADE2E92C824D5B00F69370 /* Products */;
			projectDirPath = "";
			projectRoot = "";
			targets = (
				72ADE2E72C824D5B00F69370 /* BundestagLive */,
			);
		};
/* End PBXProject section */

/* Begin PBXResourcesBuildPhase section */
		72ADE2E62C824D5B00F69370 /* Resources */ = {
			isa = PBXResourcesBuildPhase;
			buildActionMask = 2147483647;
			files = (
				72371A672C875CD2006BE127 /* Launch Screen.storyboard in Resources */,
				72ADE2F32C824D5E00F69370 /* Preview Assets.xcassets in Resources */,
				72ADE2F02C824D5E00F69370 /* Assets.xcassets in Resources */,
			);
			runOnlyForDeploymentPostprocessing = 0;
		};
/* End PBXResourcesBuildPhase section */

/* Begin PBXSourcesBuildPhase section */
		72ADE2E42C824D5B00F69370 /* Sources */ = {
			isa = PBXSourcesBuildPhase;
			buildActionMask = 2147483647;
			files = (
				72C51BEE2C92FB7400266719 /* SwiftUILinksView.swift in Sources */,
				72CD2DEA2C84801D00E655C4 /* SingleElectionProgrammView.swift in Sources */,
				72CF33472C833886002D7BCD /* FractionViewModel.swift in Sources */,
				72CF33352C830895002D7BCD /* NextElectionView.swift in Sources */,
				72CF33242C8303B0002D7BCD /* PartysModel.swift in Sources */,
				72D51B642C872C8A00785093 /* ParliamentModel.swift in Sources */,
				72D6CC0A2C8DAEBC0089DD90 /* SurveysModel.swift in Sources */,
				7271379B2C824E88007A6EF7 /* PoliticianViewModel.swift in Sources */,
				72CD2DEF2C84A46600E655C4 /* PollsViewModel.swift in Sources */,
				72CD2DED2C84A45C00E655C4 /* PollViewModel.swift in Sources */,
				72CF33392C832557002D7BCD /* ParliamentPeriode.swift in Sources */,
				72CF331E2C83014A002D7BCD /* PartyViewModel.swift in Sources */,
				72C9D3FA2C88A0A9002C5243 /* SingleElectionView.swift in Sources */,
				72CF333B2C832572002D7BCD /* ElectionRight.swift in Sources */,
				72C51BEC2C92FB0F00266719 /* SFSafariView.swift in Sources */,
				72CF332D2C830822002D7BCD /* HomeView.swift in Sources */,
				72CF33222C830377002D7BCD /* PartysViewModel.swift in Sources */,
				72C457532C825500006E1234 /* SinglePoliticianView.swift in Sources */,
				72CD2DE62C847A4900E655C4 /* ProgrammModel.swift in Sources */,
				72CF331C2C83013A002D7BCD /* PartyModel.swift in Sources */,
				72CF33302C83084D002D7BCD /* MoreView.swift in Sources */,
				72CD2DDE2C84782B00E655C4 /* PartyProgrammView.swift in Sources */,
				72D51B692C87330800785093 /* ParliamentsViewModel.swift in Sources */,
				72C457562C82610F006E1234 /* SearchView.swift in Sources */,
				727137992C824E01007A6EF7 /* PoliticianModel.swift in Sources */,
				72D51B662C872C9300785093 /* ParliamentsModel.swift in Sources */,
				72D51B6B2C873B6300785093 /* Formatter.swift in Sources */,
				72CD2DF62C84A53A00E655C4 /* Legals.swift in Sources */,
				72CF33292C8307FF002D7BCD /* SinglePartyView.swift in Sources */,
				72D6CC102C8DB7B30089DD90 /* NextElectionDetailsView.swift in Sources */,
				72D51B612C872AC200785093 /* PreviousElections.swift in Sources */,
				72CF33332C830882002D7BCD /* ElectionProgrammView.swift in Sources */,
				72C457582C82611E006E1234 /* PoliticiansViewModel.swift in Sources */,
				72CF332B2C830812002D7BCD /* SingleFractionView.swift in Sources */,
				72CD2DE82C847D7300E655C4 /* ProgrammsModel.swift in Sources */,
				72CF33412C832A79002D7BCD /* FractionsModel.swift in Sources */,
				72C4575A2C826136006E1234 /* PoliticiansModel.swift in Sources */,
				72ADE2EC2C824D5B00F69370 /* BundestagLiveApp.swift in Sources */,
				72CF333F2C832A69002D7BCD /* FractionModel.swift in Sources */,
				72D6CC0E2C8DB4230089DD90 /* SurveysViewModel.swift in Sources */,
				72CF333D2C83257E002D7BCD /* Resources.swift in Sources */,
				72CD2DF22C84A47D00E655C4 /* PollModel.swift in Sources */,
				72CD2DF42C84A48A00E655C4 /* PollsModel.swift in Sources */,
				72C4575D2C826FC1006E1234 /* PollsView.swift in Sources */,
				72CD2DE22C847A0900E655C4 /* ElectionProgramm.swift in Sources */,
				72CD2DE02C8479FC00E655C4 /* ElectionProgramms.swift in Sources */,
				72CD2DFB2C852C6D00E655C4 /* PollDetailView.swift in Sources */,
				72CF33492C833A10002D7BCD /* FractionsViewModel.swift in Sources */,
				72C51BF02C9304E600266719 /* halfCircle.swift in Sources */,
				72CF33372C83191C002D7BCD /* TabBarView.swift in Sources */,
				72CD2DF92C851EA000E655C4 /* ColorExtension.swift in Sources */,
			);
			runOnlyForDeploymentPostprocessing = 0;
		};
/* End PBXSourcesBuildPhase section */

/* Begin XCBuildConfiguration section */
		72ADE2F42C824D5E00F69370 /* Debug */ = {
			isa = XCBuildConfiguration;
			buildSettings = {
				ALWAYS_SEARCH_USER_PATHS = NO;
				ASSETCATALOG_COMPILER_GENERATE_SWIFT_ASSET_SYMBOL_EXTENSIONS = YES;
				CLANG_ANALYZER_NONNULL = YES;
				CLANG_ANALYZER_NUMBER_OBJECT_CONVERSION = YES_AGGRESSIVE;
				CLANG_CXX_LANGUAGE_STANDARD = "gnu++20";
				CLANG_ENABLE_MODULES = YES;
				CLANG_ENABLE_OBJC_ARC = YES;
				CLANG_ENABLE_OBJC_WEAK = YES;
				CLANG_WARN_BLOCK_CAPTURE_AUTORELEASING = YES;
				CLANG_WARN_BOOL_CONVERSION = YES;
				CLANG_WARN_COMMA = YES;
				CLANG_WARN_CONSTANT_CONVERSION = YES;
				CLANG_WARN_DEPRECATED_OBJC_IMPLEMENTATIONS = YES;
				CLANG_WARN_DIRECT_OBJC_ISA_USAGE = YES_ERROR;
				CLANG_WARN_DOCUMENTATION_COMMENTS = YES;
				CLANG_WARN_EMPTY_BODY = YES;
				CLANG_WARN_ENUM_CONVERSION = YES;
				CLANG_WARN_INFINITE_RECURSION = YES;
				CLANG_WARN_INT_CONVERSION = YES;
				CLANG_WARN_NON_LITERAL_NULL_CONVERSION = YES;
				CLANG_WARN_OBJC_IMPLICIT_RETAIN_SELF = YES;
				CLANG_WARN_OBJC_LITERAL_CONVERSION = YES;
				CLANG_WARN_OBJC_ROOT_CLASS = YES_ERROR;
				CLANG_WARN_QUOTED_INCLUDE_IN_FRAMEWORK_HEADER = YES;
				CLANG_WARN_RANGE_LOOP_ANALYSIS = YES;
				CLANG_WARN_STRICT_PROTOTYPES = YES;
				CLANG_WARN_SUSPICIOUS_MOVE = YES;
				CLANG_WARN_UNGUARDED_AVAILABILITY = YES_AGGRESSIVE;
				CLANG_WARN_UNREACHABLE_CODE = YES;
				CLANG_WARN__DUPLICATE_METHOD_MATCH = YES;
				COPY_PHASE_STRIP = NO;
				DEBUG_INFORMATION_FORMAT = dwarf;
				ENABLE_STRICT_OBJC_MSGSEND = YES;
				ENABLE_TESTABILITY = YES;
				ENABLE_USER_SCRIPT_SANDBOXING = YES;
				GCC_C_LANGUAGE_STANDARD = gnu17;
				GCC_DYNAMIC_NO_PIC = NO;
				GCC_NO_COMMON_BLOCKS = YES;
				GCC_OPTIMIZATION_LEVEL = 0;
				GCC_PREPROCESSOR_DEFINITIONS = (
					"DEBUG=1",
					"$(inherited)",
				);
				GCC_WARN_64_TO_32_BIT_CONVERSION = YES;
				GCC_WARN_ABOUT_RETURN_TYPE = YES_ERROR;
				GCC_WARN_UNDECLARED_SELECTOR = YES;
				GCC_WARN_UNINITIALIZED_AUTOS = YES_AGGRESSIVE;
				GCC_WARN_UNUSED_FUNCTION = YES;
				GCC_WARN_UNUSED_VARIABLE = YES;
				IPHONEOS_DEPLOYMENT_TARGET = 17.5;
				LOCALIZATION_PREFERS_STRING_CATALOGS = YES;
				MTL_ENABLE_DEBUG_INFO = INCLUDE_SOURCE;
				MTL_FAST_MATH = YES;
				ONLY_ACTIVE_ARCH = YES;
				SDKROOT = iphoneos;
				SWIFT_ACTIVE_COMPILATION_CONDITIONS = "DEBUG $(inherited)";
				SWIFT_OPTIMIZATION_LEVEL = "-Onone";
			};
			name = Debug;
		};
		72ADE2F52C824D5E00F69370 /* Release */ = {
			isa = XCBuildConfiguration;
			buildSettings = {
				ALWAYS_SEARCH_USER_PATHS = NO;
				ASSETCATALOG_COMPILER_GENERATE_SWIFT_ASSET_SYMBOL_EXTENSIONS = YES;
				CLANG_ANALYZER_NONNULL = YES;
				CLANG_ANALYZER_NUMBER_OBJECT_CONVERSION = YES_AGGRESSIVE;
				CLANG_CXX_LANGUAGE_STANDARD = "gnu++20";
				CLANG_ENABLE_MODULES = YES;
				CLANG_ENABLE_OBJC_ARC = YES;
				CLANG_ENABLE_OBJC_WEAK = YES;
				CLANG_WARN_BLOCK_CAPTURE_AUTORELEASING = YES;
				CLANG_WARN_BOOL_CONVERSION = YES;
				CLANG_WARN_COMMA = YES;
				CLANG_WARN_CONSTANT_CONVERSION = YES;
				CLANG_WARN_DEPRECATED_OBJC_IMPLEMENTATIONS = YES;
				CLANG_WARN_DIRECT_OBJC_ISA_USAGE = YES_ERROR;
				CLANG_WARN_DOCUMENTATION_COMMENTS = YES;
				CLANG_WARN_EMPTY_BODY = YES;
				CLANG_WARN_ENUM_CONVERSION = YES;
				CLANG_WARN_INFINITE_RECURSION = YES;
				CLANG_WARN_INT_CONVERSION = YES;
				CLANG_WARN_NON_LITERAL_NULL_CONVERSION = YES;
				CLANG_WARN_OBJC_IMPLICIT_RETAIN_SELF = YES;
				CLANG_WARN_OBJC_LITERAL_CONVERSION = YES;
				CLANG_WARN_OBJC_ROOT_CLASS = YES_ERROR;
				CLANG_WARN_QUOTED_INCLUDE_IN_FRAMEWORK_HEADER = YES;
				CLANG_WARN_RANGE_LOOP_ANALYSIS = YES;
				CLANG_WARN_STRICT_PROTOTYPES = YES;
				CLANG_WARN_SUSPICIOUS_MOVE = YES;
				CLANG_WARN_UNGUARDED_AVAILABILITY = YES_AGGRESSIVE;
				CLANG_WARN_UNREACHABLE_CODE = YES;
				CLANG_WARN__DUPLICATE_METHOD_MATCH = YES;
				COPY_PHASE_STRIP = NO;
				DEBUG_INFORMATION_FORMAT = "dwarf-with-dsym";
				ENABLE_NS_ASSERTIONS = NO;
				ENABLE_STRICT_OBJC_MSGSEND = YES;
				ENABLE_USER_SCRIPT_SANDBOXING = YES;
				GCC_C_LANGUAGE_STANDARD = gnu17;
				GCC_NO_COMMON_BLOCKS = YES;
				GCC_WARN_64_TO_32_BIT_CONVERSION = YES;
				GCC_WARN_ABOUT_RETURN_TYPE = YES_ERROR;
				GCC_WARN_UNDECLARED_SELECTOR = YES;
				GCC_WARN_UNINITIALIZED_AUTOS = YES_AGGRESSIVE;
				GCC_WARN_UNUSED_FUNCTION = YES;
				GCC_WARN_UNUSED_VARIABLE = YES;
				IPHONEOS_DEPLOYMENT_TARGET = 17.5;
				LOCALIZATION_PREFERS_STRING_CATALOGS = YES;
				MTL_ENABLE_DEBUG_INFO = NO;
				MTL_FAST_MATH = YES;
				SDKROOT = iphoneos;
				SWIFT_COMPILATION_MODE = wholemodule;
				VALIDATE_PRODUCT = YES;
			};
			name = Release;
		};
		72ADE2F72C824D5E00F69370 /* Debug */ = {
			isa = XCBuildConfiguration;
			buildSettings = {
				ASSETCATALOG_COMPILER_APPICON_NAME = "AppIcon 1";
				ASSETCATALOG_COMPILER_GLOBAL_ACCENT_COLOR_NAME = AccentColor;
				CODE_SIGN_STYLE = Automatic;
				CURRENT_PROJECT_VERSION = 1;
				DEVELOPMENT_ASSET_PATHS = "\"BundestagLive/Preview Content\"";
				DEVELOPMENT_TEAM = DCLZM878SK;
				ENABLE_PREVIEWS = YES;
				GENERATE_INFOPLIST_FILE = YES;
				INFOPLIST_FILE = BundestagLive/Info.plist;
				INFOPLIST_KEY_CFBundleDisplayName = BundestagLive.;
				INFOPLIST_KEY_LSApplicationCategoryType = "public.app-category.news";
				INFOPLIST_KEY_UIApplicationSceneManifest_Generation = YES;
				INFOPLIST_KEY_UIApplicationSupportsIndirectInputEvents = YES;
				INFOPLIST_KEY_UILaunchStoryboardName = "Launch Screen.storyboard";
				INFOPLIST_KEY_UISupportedInterfaceOrientations_iPad = "UIInterfaceOrientationPortrait UIInterfaceOrientationPortraitUpsideDown UIInterfaceOrientationLandscapeLeft UIInterfaceOrientationLandscapeRight";
				INFOPLIST_KEY_UISupportedInterfaceOrientations_iPhone = "UIInterfaceOrientationPortrait UIInterfaceOrientationLandscapeLeft UIInterfaceOrientationLandscapeRight";
				LD_RUNPATH_SEARCH_PATHS = (
					"$(inherited)",
					"@executable_path/Frameworks",
				);
				MARKETING_VERSION = 1.0;
				PRODUCT_BUNDLE_IDENTIFIER = de.wangupullwitt.BundestagLive;
				PRODUCT_NAME = "$(TARGET_NAME)";
				SWIFT_EMIT_LOC_STRINGS = YES;
				SWIFT_VERSION = 5.0;
				TARGETED_DEVICE_FAMILY = "1,2";
			};
			name = Debug;
		};
		72ADE2F82C824D5E00F69370 /* Release */ = {
			isa = XCBuildConfiguration;
			buildSettings = {
				ASSETCATALOG_COMPILER_APPICON_NAME = "AppIcon 1";
				ASSETCATALOG_COMPILER_GLOBAL_ACCENT_COLOR_NAME = AccentColor;
				CODE_SIGN_STYLE = Automatic;
				CURRENT_PROJECT_VERSION = 1;
				DEVELOPMENT_ASSET_PATHS = "\"BundestagLive/Preview Content\"";
				DEVELOPMENT_TEAM = DCLZM878SK;
				ENABLE_PREVIEWS = YES;
				GENERATE_INFOPLIST_FILE = YES;
				INFOPLIST_FILE = BundestagLive/Info.plist;
				INFOPLIST_KEY_CFBundleDisplayName = BundestagLive.;
				INFOPLIST_KEY_LSApplicationCategoryType = "public.app-category.news";
				INFOPLIST_KEY_UIApplicationSceneManifest_Generation = YES;
				INFOPLIST_KEY_UIApplicationSupportsIndirectInputEvents = YES;
				INFOPLIST_KEY_UILaunchStoryboardName = "Launch Screen.storyboard";
				INFOPLIST_KEY_UISupportedInterfaceOrientations_iPad = "UIInterfaceOrientationPortrait UIInterfaceOrientationPortraitUpsideDown UIInterfaceOrientationLandscapeLeft UIInterfaceOrientationLandscapeRight";
				INFOPLIST_KEY_UISupportedInterfaceOrientations_iPhone = "UIInterfaceOrientationPortrait UIInterfaceOrientationLandscapeLeft UIInterfaceOrientationLandscapeRight";
				LD_RUNPATH_SEARCH_PATHS = (
					"$(inherited)",
					"@executable_path/Frameworks",
				);
				MARKETING_VERSION = 1.0;
				PRODUCT_BUNDLE_IDENTIFIER = de.wangupullwitt.BundestagLive;
				PRODUCT_NAME = "$(TARGET_NAME)";
				SWIFT_EMIT_LOC_STRINGS = YES;
				SWIFT_VERSION = 5.0;
				TARGETED_DEVICE_FAMILY = "1,2";
			};
			name = Release;
		};
/* End XCBuildConfiguration section */

/* Begin XCConfigurationList section */
		72ADE2E32C824D5B00F69370 /* Build configuration list for PBXProject "BundestagLive" */ = {
			isa = XCConfigurationList;
			buildConfigurations = (
				72ADE2F42C824D5E00F69370 /* Debug */,
				72ADE2F52C824D5E00F69370 /* Release */,
			);
			defaultConfigurationIsVisible = 0;
			defaultConfigurationName = Release;
		};
		72ADE2F62C824D5E00F69370 /* Build configuration list for PBXNativeTarget "BundestagLive" */ = {
			isa = XCConfigurationList;
			buildConfigurations = (
				72ADE2F72C824D5E00F69370 /* Debug */,
				72ADE2F82C824D5E00F69370 /* Release */,
			);
			defaultConfigurationIsVisible = 0;
			defaultConfigurationName = Release;
		};
/* End XCConfigurationList section */
	};
	rootObject = 72ADE2E02C824D5B00F69370 /* Project object */;
}
